// !$*UTF8*$!
{
	archiveVersion = 1;
	classes = {
	};
	objectVersion = 46;
	objects = {

/* Begin PBXBuildFile section */
		AAD7DB541D51CEB3007A9B30 /* main.m in Sources */ = {isa = PBXBuildFile; fileRef = AAD7DB531D51CEB3007A9B30 /* main.m */; };
/* End PBXBuildFile section */

/* Begin PBXCopyFilesBuildPhase section */
		AAD7DB4E1D51CEB3007A9B30 /* CopyFiles */ = {
			isa = PBXCopyFilesBuildPhase;
			buildActionMask = 2147483647;
			dstPath = /usr/share/man/man1/;
			dstSubfolderSpec = 0;
			files = (
			);
			runOnlyForDeploymentPostprocessing = 1;
		};
/* End PBXCopyFilesBuildPhase section */

/* Begin PBXFileReference section */
		AAD7DB501D51CEB3007A9B30 /* SocketServer */ = {isa = PBXFileReference; explicitFileType = "compiled.mach-o.executable"; includeInIndex = 0; path = SocketServer; sourceTree = BUILT_PRODUCTS_DIR; };
		AAD7DB531D51CEB3007A9B30 /* main.m */ = {isa = PBXFileReference; lastKnownFileType = sourcecode.c.objc; path = main.m; sourceTree = "<group>"; };
/* End PBXFileReference section */

/* Begin PBXFrameworksBuildPhase section */
		AAD7DB4D1D51CEB3007A9B30 /* Frameworks */ = {
			isa = PBXFrameworksBuildPhase;
			buildActionMask = 2147483647;
			files = (
			);
			runOnlyForDeploymentPostprocessing = 0;
		};
/* End PBXFrameworksBuildPhase section */

/* Begin PBXGroup section */
		AAD7DB471D51CEB3007A9B30 = {
			isa = PBXGroup;
			children = (
				AAD7DB521D51CEB3007A9B30 /* SocketServer */,
				AAD7DB511D51CEB3007A9B30 /* Products */,
			);
			sourceTree = "<group>";
		};
		AAD7DB511D51CEB3007A9B30 /* Products */ = {
			isa = PBXGroup;
			children = (
				AAD7DB501D51CEB3007A9B30 /* SocketServer */,
			);
			name = Products;
			sourceTree = "<group>";
		};
		AAD7DB521D51CEB3007A9B30 /* SocketServer */ = {
			isa = PBXGroup;
			children = (
				AAD7DB531D51CEB3007A9B30 /* main.m */,
			);
			path = SocketServer;
			sourceTree = "<group>";
		};
/* End PBXGroup section */

/* Begin PBXNativeTarget section */
		AAD7DB4F1D51CEB3007A9B30 /* SocketServer */ = {
			isa = PBXNativeTarget;
			buildConfigurationList = AAD7DB571D51CEB3007A9B30 /* Build configuration list for PBXNativeTarget "SocketServer" */;
			buildPhases = (
				AAD7DB4C1D51CEB3007A9B30 /* Sources */,
				AAD7DB4D1D51CEB3007A9B30 /* Frameworks */,
				AAD7DB4E1D51CEB3007A9B30 /* CopyFiles */,
			);
			buildRules = (
			);
			dependencies = (
			);
			name = SocketServer;
			productName = SocketServer;
			productReference = AAD7DB501D51CEB3007A9B30 /* SocketServer */;
			productType = "com.apple.product-type.tool";
		};
/* End PBXNativeTarget section */

/* Begin PBXProject section */
		AAD7DB481D51CEB3007A9B30 /* Project object */ = {
			isa = PBXProject;
			attributes = {
				LastUpgradeCheck = 0710;
				ORGANIZATIONNAME = lasso;
				TargetAttributes = {
					AAD7DB4F1D51CEB3007A9B30 = {
						CreatedOnToolsVersion = 7.1;
					};
				};
			};
			buildConfigurationList = AAD7DB4B1D51CEB3007A9B30 /* Build configuration list for PBXProject "SocketServer" */;
			compatibilityVersion = "Xcode 3.2";
			developmentRegion = English;
			hasScannedForEncodings = 0;
			knownRegions = (
				en,
			);
			mainGroup = AAD7DB471D51CEB3007A9B30;
			productRefGroup = AAD7DB511D51CEB3007A9B30 /* Products */;
			projectDirPath = "";
			projectRoot = "";
			targets = (
				AAD7DB4F1D51CEB3007A9B30 /* SocketServer */,
			);
		};
/* End PBXProject section */

/* Begin PBXSourcesBuildPhase section */
		AAD7DB4C1D51CEB3007A9B30 /* Sources */ = {
			isa = PBXSourcesBuildPhase;
			buildActionMask = 2147483647;
			files = (
				AAD7DB541D51CEB3007A9B30 /* main.m in Sources */,
			);
			runOnlyForDeploymentPostprocessing = 0;
		};
/* End PBXSourcesBuildPhase section */

/* Begin XCBuildConfiguration section */
		AAD7DB551D51CEB3007A9B30 /* Debug */ = {
			isa = XCBuildConfiguration;
			buildSettings = {
				ALWAYS_SEARCH_USER_PATHS = NO;
				CLANG_CXX_LANGUAGE_STANDARD = "gnu++0x";
				CLANG_CXX_LIBRARY = "libc++";
				CLANG_ENABLE_MODULES = YES;
				CLANG_ENABLE_OBJC_ARC = YES;
				CLANG_WARN_BOOL_CONVERSION = YES;
				CLANG_WARN_CONSTANT_CONVERSION = YES;
				CLANG_WARN_DIRECT_OBJC_ISA_USAGE = YES_ERROR;
				CLANG_WARN_EMPTY_BODY = YES;
				CLANG_WARN_ENUM_CONVERSION = YES;
				CLANG_WARN_INT_CONVERSION = YES;
				CLANG_WARN_OBJC_ROOT_CLASS = YES_ERROR;
				CLANG_WARN_UNREACHABLE_CODE = YES;
				CLANG_WARN__DUPLICATE_METHOD_MATCH = YES;
				CODE_SIGN_IDENTITY = "-";
				COPY_PHASE_STRIP = NO;
				DEBUG_INFORMATION_FORMAT = dwarf;
				ENABLE_STRICT_OBJC_MSGSEND = YES;
				ENABLE_TESTABILITY = YES;
				GCC_C_LANGUAGE_STANDARD = gnu99;
				GCC_DYNAMIC_NO_PIC = NO;
				GCC_NO_COMMON_BLOCKS = YES;
				GCC_OPTIMIZATION_LEVEL = 0;
				GCC_PREPROCESSOR_DEFINITIONS = (
					"DEBUG=1",
					"$(inherited)",
				);
				GCC_WARN_64_TO_32_BIT_CONVERSION = YES;
				GCC_WARN_ABOUT_RETURN_TYPE = YES_ERROR;
				GCC_WARN_UNDECLARED_SELECTOR = YES;
				GCC_WARN_UNINITIALIZED_AUTOS = YES_AGGRESSIVE;
				GCC_WARN_UNUSED_FUNCTION = YES;
				GCC_WARN_UNUSED_VARIABLE = YES;
				MACOSX_DEPLOYMENT_TARGET = 10.11;
				MTL_ENABLE_DEBUG_INFO = YES;
				ONLY_ACTIVE_ARCH = YES;
				SDKROOT = macosx;
			};
			name = Debug;
		};
		AAD7DB561D51CEB3007A9B30 /* Release */ = {
			isa = XCBuildConfiguration;
			buildSettings = {
				ALWAYS_SEARCH_USER_PATHS = NO;
				CLANG_CXX_LANGUAGE_STANDARD = "gnu++0x";
				CLANG_CXX_LIBRARY = "libc++";
				CLANG_ENABLE_MODULES = YES;
				CLANG_ENABLE_OBJC_ARC = YES;
				CLANG_WARN_BOOL_CONVERSION = YES;
				CLANG_WARN_CONSTANT_CONVERSION = YES;
				CLANG_WARN_DIRECT_OBJC_ISA_USAGE = YES_ERROR;
				CLANG_WARN_EMPTY_BODY = YES;
				CLANG_WARN_ENUM_CONVERSION = YES;
				CLANG_WARN_INT_CONVERSION = YES;
				CLANG_WARN_OBJC_ROOT_CLASS = YES_ERROR;
				CLANG_WARN_UNREACHABLE_CODE = YES;
				CLANG_WARN__DUPLICATE_METHOD_MATCH = YES;
				CODE_SIGN_IDENTITY = "-";
				COPY_PHASE_STRIP = NO;
				DEBUG_INFORMATION_FORMAT = "dwarf-with-dsym";
				ENABLE_NS_ASSERTIONS = NO;
				ENABLE_STRICT_OBJC_MSGSEND = YES;
				GCC_C_LANGUAGE_STANDARD = gnu99;
				GCC_NO_COMMON_BLOCKS = YES;
				GCC_WARN_64_TO_32_BIT_CONVERSION = YES;
				GCC_WARN_ABOUT_RETURN_TYPE = YES_ERROR;
				GCC_WARN_UNDECLARED_SELECTOR = YES;
				GCC_WARN_UNINITIALIZED_AUTOS = YES_AGGRESSIVE;
				GCC_WARN_UNUSED_FUNCTION = YES;
				GCC_WARN_UNUSED_VARIABLE = YES;
				MACOSX_DEPLOYMENT_TARGET = 10.11;
				MTL_ENABLE_DEBUG_INFO = NO;
				SDKROOT = macosx;
			};
			name = Release;
		};
		AAD7DB581D51CEB3007A9B30 /* Debug */ = {
			isa = XCBuildConfiguration;
			buildSettings = {
				PRODUCT_NAME = "$(TARGET_NAME)";
			};
			name = Debug;
		};
		AAD7DB591D51CEB3007A9B30 /* Release */ = {
			isa = XCBuildConfiguration;
			buildSettings = {
				PRODUCT_NAME = "$(TARGET_NAME)";
			};
			name = Release;
		};
/* End XCBuildConfiguration section */

/* Begin XCConfigurationList section */
		AAD7DB4B1D51CEB3007A9B30 /* Build configuration list for PBXProject "SocketServer" */ = {
			isa = XCConfigurationList;
			buildConfigurations = (
				AAD7DB551D51CEB3007A9B30 /* Debug */,
				AAD7DB561D51CEB3007A9B30 /* Release */,
			);
			defaultConfigurationIsVisible = 0;
			defaultConfigurationName = Release;
		};
		AAD7DB571D51CEB3007A9B30 /* Build configuration list for PBXNativeTarget "SocketServer" */ = {
			isa = XCConfigurationList;
			buildConfigurations = (
				AAD7DB581D51CEB3007A9B30 /* Debug */,
				AAD7DB591D51CEB3007A9B30 /* Release */,
			);
			defaultConfigurationIsVisible = 0;
		};
/* End XCConfigurationList section */
	};
	rootObject = AAD7DB481D51CEB3007A9B30 /* Project object */;
}
